
Microsoft Visual Studio Solution File, Format Version 12.00
# Visual Studio Version 17
VisualStudioVersion = 17.4.33213.308
MinimumVisualStudioVersion = 10.0.40219.1
Project("{9A19103F-16F7-4668-BE54-9A1E7A4F7556}") = "CRUD2023", "CRUD2023\CRUD2023.csproj", "{A78B8EB8-176B-49FA-A1FE-32B4D9710E96}"
EndProject
Project("{9A19103F-16F7-4668-BE54-9A1E7A4F7556}") = "CRUD_DAO", "CRUD_DAO\CRUD_DAO.csproj", "{EE9C927D-58C4-4B1C-84A7-5E10D7257511}"
EndProject
Project("{9A19103F-16F7-4668-BE54-9A1E7A4F7556}") = "CRUD_BUSINESS", "CRUD_BUSINESS\CRUD_BUSINESS.csproj", "{B472126D-717E-48DB-B268-C18E808C2D02}"
EndProject
Project("{9A19103F-16F7-4668-BE54-9A1E7A4F7556}") = "CRUD_DTO", "CRUD_DTO\CRUD_DTO.csproj", "{338579BE-9D2A-46B2-9401-9EF1E3589C37}"
EndProject
Project("{FAE04EC0-301F-11D3-BF4B-00C04F79EFBC}") = "ControleAcesso", "ControleAcesso\ControleAcesso.csproj", "{2AE3457C-0F9C-41BB-AE83-F68743BCC679}"
EndProject
Global
	GlobalSection(SolutionConfigurationPlatforms) = preSolution
		Debug|Any CPU = Debug|Any CPU
		Release|Any CPU = Release|Any CPU
	EndGlobalSection
	GlobalSection(ProjectConfigurationPlatforms) = postSolution
		{A78B8EB8-176B-49FA-A1FE-32B4D9710E96}.Debug|Any CPU.ActiveCfg = Debug|Any CPU
		{A78B8EB8-176B-49FA-A1FE-32B4D9710E96}.Debug|Any CPU.Build.0 = Debug|Any CPU
		{A78B8EB8-176B-49FA-A1FE-32B4D9710E96}.Release|Any CPU.ActiveCfg = Release|Any CPU
		{A78B8EB8-176B-49FA-A1FE-32B4D9710E96}.Release|Any CPU.Build.0 = Release|Any CPU
		{EE9C927D-58C4-4B1C-84A7-5E10D7257511}.Debug|Any CPU.ActiveCfg = Debug|Any CPU
		{EE9C927D-58C4-4B1C-84A7-5E10D7257511}.Debug|Any CPU.Build.0 = Debug|Any CPU
		{EE9C927D-58C4-4B1C-84A7-5E10D7257511}.Release|Any CPU.ActiveCfg = Release|Any CPU
		{EE9C927D-58C4-4B1C-84A7-5E10D7257511}.Release|Any CPU.Build.0 = Release|Any CPU
		{B472126D-717E-48DB-B268-C18E808C2D02}.Debug|Any CPU.ActiveCfg = Debug|Any CPU
		{B472126D-717E-48DB-B268-C18E808C2D02}.Debug|Any CPU.Build.0 = Debug|Any CPU
		{B472126D-717E-48DB-B268-C18E808C2D02}.Release|Any CPU.ActiveCfg = Release|Any CPU
		{B472126D-717E-48DB-B268-C18E808C2D02}.Release|Any CPU.Build.0 = Release|Any CPU
		{338579BE-9D2A-46B2-9401-9EF1E3589C37}.Debug|Any CPU.ActiveCfg = Debug|Any CPU
		{338579BE-9D2A-46B2-9401-9EF1E3589C37}.Debug|Any CPU.Build.0 = Debug|Any CPU
		{338579BE-9D2A-46B2-9401-9EF1E3589C37}.Release|Any CPU.ActiveCfg = Release|Any CPU
		{338579BE-9D2A-46B2-9401-9EF1E3589C37}.Release|Any CPU.Build.0 = Release|Any CPU
		{2AE3457C-0F9C-41BB-AE83-F68743BCC679}.Debug|Any CPU.ActiveCfg = Debug|Any CPU
		{2AE3457C-0F9C-41BB-AE83-F68743BCC679}.Debug|Any CPU.Build.0 = Debug|Any CPU
		{2AE3457C-0F9C-41BB-AE83-F68743BCC679}.Release|Any CPU.ActiveCfg = Release|Any CPU
		{2AE3457C-0F9C-41BB-AE83-F68743BCC679}.Release|Any CPU.Build.0 = Release|Any CPU
	EndGlobalSection
	GlobalSection(SolutionProperties) = preSolution
		HideSolutionNode = FALSE
	EndGlobalSection
	GlobalSection(ExtensibilityGlobals) = postSolution
		SolutionGuid = {2940B512-183E-43A2-B041-1E845FF0195B}
	EndGlobalSection
EndGlobal
